// !$*UTF8*$!
{
	archiveVersion = 1;
	classes = {
	};
	objectVersion = 55;
	objects = {

/* Begin PBXBuildFile section */
		AEDFD2C428EB2C24002AA940 /* AppDelegate.swift in Sources */ = {isa = PBXBuildFile; fileRef = AEDFD2C328EB2C24002AA940 /* AppDelegate.swift */; };
		AEDFD2C628EB2C24002AA940 /* SceneDelegate.swift in Sources */ = {isa = PBXBuildFile; fileRef = AEDFD2C528EB2C24002AA940 /* SceneDelegate.swift */; };
		AEDFD2C828EB2C24002AA940 /* ViewController.swift in Sources */ = {isa = PBXBuildFile; fileRef = AEDFD2C728EB2C24002AA940 /* ViewController.swift */; };
		AEDFD2CD28EB2C26002AA940 /* Assets.xcassets in Resources */ = {isa = PBXBuildFile; fileRef = AEDFD2CC28EB2C26002AA940 /* Assets.xcassets */; };
		AEDFD2D028EB2C26002AA940 /* LaunchScreen.storyboard in Resources */ = {isa = PBXBuildFile; fileRef = AEDFD2CE28EB2C26002AA940 /* LaunchScreen.storyboard */; };
		AEDFD2D828EB2FC8002AA940 /* View+Preview.swift in Sources */ = {isa = PBXBuildFile; fileRef = AEDFD2D728EB2FC8002AA940 /* View+Preview.swift */; };
		AEDFD2DA28EB3A02002AA940 /* ViewModel.swift in Sources */ = {isa = PBXBuildFile; fileRef = AEDFD2D928EB3A02002AA940 /* ViewModel.swift */; };
		AEDFD2DC28EB3DF4002AA940 /* TextField+Publisher.swift in Sources */ = {isa = PBXBuildFile; fileRef = AEDFD2DB28EB3DF4002AA940 /* TextField+Publisher.swift */; };
/* End PBXBuildFile section */

/* Begin PBXFileReference section */
		AEDFD2C028EB2C24002AA940 /* Login+Combine.app */ = {isa = PBXFileReference; explicitFileType = wrapper.application; includeInIndex = 0; path = "Login+Combine.app"; sourceTree = BUILT_PRODUCTS_DIR; };
		AEDFD2C328EB2C24002AA940 /* AppDelegate.swift */ = {isa = PBXFileReference; lastKnownFileType = sourcecode.swift; path = AppDelegate.swift; sourceTree = "<group>"; };
		AEDFD2C528EB2C24002AA940 /* SceneDelegate.swift */ = {isa = PBXFileReference; lastKnownFileType = sourcecode.swift; path = SceneDelegate.swift; sourceTree = "<group>"; };
		AEDFD2C728EB2C24002AA940 /* ViewController.swift */ = {isa = PBXFileReference; lastKnownFileType = sourcecode.swift; path = ViewController.swift; sourceTree = "<group>"; };
		AEDFD2CC28EB2C26002AA940 /* Assets.xcassets */ = {isa = PBXFileReference; lastKnownFileType = folder.assetcatalog; path = Assets.xcassets; sourceTree = "<group>"; };
		AEDFD2CF28EB2C26002AA940 /* Base */ = {isa = PBXFileReference; lastKnownFileType = file.storyboard; name = Base; path = Base.lproj/LaunchScreen.storyboard; sourceTree = "<group>"; };
		AEDFD2D128EB2C26002AA940 /* Info.plist */ = {isa = PBXFileReference; lastKnownFileType = text.plist.xml; path = Info.plist; sourceTree = "<group>"; };
		AEDFD2D728EB2FC8002AA940 /* View+Preview.swift */ = {isa = PBXFileReference; lastKnownFileType = sourcecode.swift; path = "View+Preview.swift"; sourceTree = "<group>"; };
		AEDFD2D928EB3A02002AA940 /* ViewModel.swift */ = {isa = PBXFileReference; lastKnownFileType = sourcecode.swift; path = ViewModel.swift; sourceTree = "<group>"; };
		AEDFD2DB28EB3DF4002AA940 /* TextField+Publisher.swift */ = {isa = PBXFileReference; lastKnownFileType = sourcecode.swift; path = "TextField+Publisher.swift"; sourceTree = "<group>"; };
/* End PBXFileReference section */

/* Begin PBXFrameworksBuildPhase section */
		AEDFD2BD28EB2C24002AA940 /* Frameworks */ = {
			isa = PBXFrameworksBuildPhase;
			buildActionMask = 2147483647;
			files = (
			);
			runOnlyForDeploymentPostprocessing = 0;
		};
/* End PBXFrameworksBuildPhase section */

/* Begin PBXGroup section */
		AEDFD2B728EB2C24002AA940 = {
			isa = PBXGroup;
			children = (
				AEDFD2C228EB2C24002AA940 /* Login+Combine */,
				AEDFD2C128EB2C24002AA940 /* Products */,
			);
			sourceTree = "<group>";
		};
		AEDFD2C128EB2C24002AA940 /* Products */ = {
			isa = PBXGroup;
			children = (
				AEDFD2C028EB2C24002AA940 /* Login+Combine.app */,
			);
			name = Products;
			sourceTree = "<group>";
		};
		AEDFD2C228EB2C24002AA940 /* Login+Combine */ = {
			isa = PBXGroup;
			children = (
				AEDFD2C328EB2C24002AA940 /* AppDelegate.swift */,
				AEDFD2C528EB2C24002AA940 /* SceneDelegate.swift */,
				AEDFD2C728EB2C24002AA940 /* ViewController.swift */,
				AEDFD2D928EB3A02002AA940 /* ViewModel.swift */,
				AEDFD2DB28EB3DF4002AA940 /* TextField+Publisher.swift */,
				AEDFD2D728EB2FC8002AA940 /* View+Preview.swift */,
				AEDFD2CC28EB2C26002AA940 /* Assets.xcassets */,
				AEDFD2CE28EB2C26002AA940 /* LaunchScreen.storyboard */,
				AEDFD2D128EB2C26002AA940 /* Info.plist */,
			);
			path = "Login+Combine";
			sourceTree = "<group>";
		};
/* End PBXGroup section */

/* Begin PBXNativeTarget section */
		AEDFD2BF28EB2C24002AA940 /* Login+Combine */ = {
			isa = PBXNativeTarget;
			buildConfigurationList = AEDFD2D428EB2C26002AA940 /* Build configuration list for PBXNativeTarget "Login+Combine" */;
			buildPhases = (
				AEDFD2BC28EB2C24002AA940 /* Sources */,
				AEDFD2BD28EB2C24002AA940 /* Frameworks */,
				AEDFD2BE28EB2C24002AA940 /* Resources */,
			);
			buildRules = (
			);
			dependencies = (
			);
			name = "Login+Combine";
			productName = "Login+Combine";
			productReference = AEDFD2C028EB2C24002AA940 /* Login+Combine.app */;
			productType = "com.apple.product-type.application";
		};
/* End PBXNativeTarget section */

/* Begin PBXProject section */
		AEDFD2B828EB2C24002AA940 /* Project object */ = {
			isa = PBXProject;
			attributes = {
				BuildIndependentTargetsInParallel = 1;
				LastSwiftUpdateCheck = 1340;
				LastUpgradeCheck = 1340;
				TargetAttributes = {
					AEDFD2BF28EB2C24002AA940 = {
						CreatedOnToolsVersion = 13.4.1;
					};
				};
			};
			buildConfigurationList = AEDFD2BB28EB2C24002AA940 /* Build configuration list for PBXProject "Login+Combine" */;
			compatibilityVersion = "Xcode 13.0";
			developmentRegion = en;
			hasScannedForEncodings = 0;
			knownRegions = (
				en,
				Base,
			);
			mainGroup = AEDFD2B728EB2C24002AA940;
			productRefGroup = AEDFD2C128EB2C24002AA940 /* Products */;
			projectDirPath = "";
			projectRoot = "";
			targets = (
				AEDFD2BF28EB2C24002AA940 /* Login+Combine */,
			);
		};
/* End PBXProject section */

/* Begin PBXResourcesBuildPhase section */
		AEDFD2BE28EB2C24002AA940 /* Resources */ = {
			isa = PBXResourcesBuildPhase;
			buildActionMask = 2147483647;
			files = (
				AEDFD2D028EB2C26002AA940 /* LaunchScreen.storyboard in Resources */,
				AEDFD2CD28EB2C26002AA940 /* Assets.xcassets in Resources */,
			);
			runOnlyForDeploymentPostprocessing = 0;
		};
/* End PBXResourcesBuildPhase section */

/* Begin PBXSourcesBuildPhase section */
		AEDFD2BC28EB2C24002AA940 /* Sources */ = {
			isa = PBXSourcesBuildPhase;
			buildActionMask = 2147483647;
			files = (
				AEDFD2DA28EB3A02002AA940 /* ViewModel.swift in Sources */,
				AEDFD2C828EB2C24002AA940 /* ViewController.swift in Sources */,
				AEDFD2DC28EB3DF4002AA940 /* TextField+Publisher.swift in Sources */,
				AEDFD2D828EB2FC8002AA940 /* View+Preview.swift in Sources */,
				AEDFD2C428EB2C24002AA940 /* AppDelegate.swift in Sources */,
				AEDFD2C628EB2C24002AA940 /* SceneDelegate.swift in Sources */,
			);
			runOnlyForDeploymentPostprocessing = 0;
		};
/* End PBXSourcesBuildPhase section */

/* Begin PBXVariantGroup section */
		AEDFD2CE28EB2C26002AA940 /* LaunchScreen.storyboard */ = {
			isa = PBXVariantGroup;
			children = (
				AEDFD2CF28EB2C26002AA940 /* Base */,
			);
			name = LaunchScreen.storyboard;
			sourceTree = "<group>";
		};
/* End PBXVariantGroup section */

/* Begin XCBuildConfiguration section */
		AEDFD2D228EB2C26002AA940 /* Debug */ = {
			isa = XCBuildConfiguration;
			buildSettings = {
				ALWAYS_SEARCH_USER_PATHS = NO;
				CLANG_ANALYZER_NONNULL = YES;
				CLANG_ANALYZER_NUMBER_OBJECT_CONVERSION = YES_AGGRESSIVE;
				CLANG_CXX_LANGUAGE_STANDARD = "gnu++17";
				CLANG_ENABLE_MODULES = YES;
				CLANG_ENABLE_OBJC_ARC = YES;
				CLANG_ENABLE_OBJC_WEAK = YES;
				CLANG_WARN_BLOCK_CAPTURE_AUTORELEASING = YES;
				CLANG_WARN_BOOL_CONVERSION = YES;
				CLANG_WARN_COMMA = YES;
				CLANG_WARN_CONSTANT_CONVERSION = YES;
				CLANG_WARN_DEPRECATED_OBJC_IMPLEMENTATIONS = YES;
				CLANG_WARN_DIRECT_OBJC_ISA_USAGE = YES_ERROR;
				CLANG_WARN_DOCUMENTATION_COMMENTS = YES;
				CLANG_WARN_EMPTY_BODY = YES;
				CLANG_WARN_ENUM_CONVERSION = YES;
				CLANG_WARN_INFINITE_RECURSION = YES;
				CLANG_WARN_INT_CONVERSION = YES;
				CLANG_WARN_NON_LITERAL_NULL_CONVERSION = YES;
				CLANG_WARN_OBJC_IMPLICIT_RETAIN_SELF = YES;
				CLANG_WARN_OBJC_LITERAL_CONVERSION = YES;
				CLANG_WARN_OBJC_ROOT_CLASS = YES_ERROR;
				CLANG_WARN_QUOTED_INCLUDE_IN_FRAMEWORK_HEADER = YES;
				CLANG_WARN_RANGE_LOOP_ANALYSIS = YES;
				CLANG_WARN_STRICT_PROTOTYPES = YES;
				CLANG_WARN_SUSPICIOUS_MOVE = YES;
				CLANG_WARN_UNGUARDED_AVAILABILITY = YES_AGGRESSIVE;
				CLANG_WARN_UNREACHABLE_CODE = YES;
				CLANG_WARN__DUPLICATE_METHOD_MATCH = YES;
				COPY_PHASE_STRIP = NO;
				DEBUG_INFORMATION_FORMAT = dwarf;
				ENABLE_STRICT_OBJC_MSGSEND = YES;
				ENABLE_TESTABILITY = YES;
				GCC_C_LANGUAGE_STANDARD = gnu11;
				GCC_DYNAMIC_NO_PIC = NO;
				GCC_NO_COMMON_BLOCKS = YES;
				GCC_OPTIMIZATION_LEVEL = 0;
				GCC_PREPROCESSOR_DEFINITIONS = (
					"DEBUG=1",
					"$(inherited)",
				);
				GCC_WARN_64_TO_32_BIT_CONVERSION = YES;
				GCC_WARN_ABOUT_RETURN_TYPE = YES_ERROR;
				GCC_WARN_UNDECLARED_SELECTOR = YES;
				GCC_WARN_UNINITIALIZED_AUTOS = YES_AGGRESSIVE;
				GCC_WARN_UNUSED_FUNCTION = YES;
				GCC_WARN_UNUSED_VARIABLE = YES;
				IPHONEOS_DEPLOYMENT_TARGET = 15.5;
				MTL_ENABLE_DEBUG_INFO = INCLUDE_SOURCE;
				MTL_FAST_MATH = YES;
				ONLY_ACTIVE_ARCH = YES;
				SDKROOT = iphoneos;
				SWIFT_ACTIVE_COMPILATION_CONDITIONS = DEBUG;
				SWIFT_OPTIMIZATION_LEVEL = "-Onone";
			};
			name = Debug;
		};
		AEDFD2D328EB2C26002AA940 /* Release */ = {
			isa = XCBuildConfiguration;
			buildSettings = {
				ALWAYS_SEARCH_USER_PATHS = NO;
				CLANG_ANALYZER_NONNULL = YES;
				CLANG_ANALYZER_NUMBER_OBJECT_CONVERSION = YES_AGGRESSIVE;
				CLANG_CXX_LANGUAGE_STANDARD = "gnu++17";
				CLANG_ENABLE_MODULES = YES;
				CLANG_ENABLE_OBJC_ARC = YES;
				CLANG_ENABLE_OBJC_WEAK = YES;
				CLANG_WARN_BLOCK_CAPTURE_AUTORELEASING = YES;
				CLANG_WARN_BOOL_CONVERSION = YES;
				CLANG_WARN_COMMA = YES;
				CLANG_WARN_CONSTANT_CONVERSION = YES;
				CLANG_WARN_DEPRECATED_OBJC_IMPLEMENTATIONS = YES;
				CLANG_WARN_DIRECT_OBJC_ISA_USAGE = YES_ERROR;
				CLANG_WARN_DOCUMENTATION_COMMENTS = YES;
				CLANG_WARN_EMPTY_BODY = YES;
				CLANG_WARN_ENUM_CONVERSION = YES;
				CLANG_WARN_INFINITE_RECURSION = YES;
				CLANG_WARN_INT_CONVERSION = YES;
				CLANG_WARN_NON_LITERAL_NULL_CONVERSION = YES;
				CLANG_WARN_OBJC_IMPLICIT_RETAIN_SELF = YES;
				CLANG_WARN_OBJC_LITERAL_CONVERSION = YES;
				CLANG_WARN_OBJC_ROOT_CLASS = YES_ERROR;
				CLANG_WARN_QUOTED_INCLUDE_IN_FRAMEWORK_HEADER = YES;
				CLANG_WARN_RANGE_LOOP_ANALYSIS = YES;
				CLANG_WARN_STRICT_PROTOTYPES = YES;
				CLANG_WARN_SUSPICIOUS_MOVE = YES;
				CLANG_WARN_UNGUARDED_AVAILABILITY = YES_AGGRESSIVE;
				CLANG_WARN_UNREACHABLE_CODE = YES;
				CLANG_WARN__DUPLICATE_METHOD_MATCH = YES;
				COPY_PHASE_STRIP = NO;
				DEBUG_INFORMATION_FORMAT = "dwarf-with-dsym";
				ENABLE_NS_ASSERTIONS = NO;
				ENABLE_STRICT_OBJC_MSGSEND = YES;
				GCC_C_LANGUAGE_STANDARD = gnu11;
				GCC_NO_COMMON_BLOCKS = YES;
				GCC_WARN_64_TO_32_BIT_CONVERSION = YES;
				GCC_WARN_ABOUT_RETURN_TYPE = YES_ERROR;
				GCC_WARN_UNDECLARED_SELECTOR = YES;
				GCC_WARN_UNINITIALIZED_AUTOS = YES_AGGRESSIVE;
				GCC_WARN_UNUSED_FUNCTION = YES;
				GCC_WARN_UNUSED_VARIABLE = YES;
				IPHONEOS_DEPLOYMENT_TARGET = 15.5;
				MTL_ENABLE_DEBUG_INFO = NO;
				MTL_FAST_MATH = YES;
				SDKROOT = iphoneos;
				SWIFT_COMPILATION_MODE = wholemodule;
				SWIFT_OPTIMIZATION_LEVEL = "-O";
				VALIDATE_PRODUCT = YES;
			};
			name = Release;
		};
		AEDFD2D528EB2C26002AA940 /* Debug */ = {
			isa = XCBuildConfiguration;
			buildSettings = {
				ASSETCATALOG_COMPILER_APPICON_NAME = AppIcon;
				ASSETCATALOG_COMPILER_GLOBAL_ACCENT_COLOR_NAME = AccentColor;
				CODE_SIGN_STYLE = Automatic;
				CURRENT_PROJECT_VERSION = 1;
				DEVELOPMENT_TEAM = T79FMP6Q2L;
				GENERATE_INFOPLIST_FILE = YES;
				INFOPLIST_FILE = "Login+Combine/Info.plist";
				INFOPLIST_KEY_UIApplicationSupportsIndirectInputEvents = YES;
				INFOPLIST_KEY_UILaunchStoryboardName = LaunchScreen;
				INFOPLIST_KEY_UISupportedInterfaceOrientations_iPad = "UIInterfaceOrientationPortrait UIInterfaceOrientationPortraitUpsideDown UIInterfaceOrientationLandscapeLeft UIInterfaceOrientationLandscapeRight";
				INFOPLIST_KEY_UISupportedInterfaceOrientations_iPhone = "UIInterfaceOrientationPortrait UIInterfaceOrientationLandscapeLeft UIInterfaceOrientationLandscapeRight";
				LD_RUNPATH_SEARCH_PATHS = (
					"$(inherited)",
					"@executable_path/Frameworks",
				);
				MARKETING_VERSION = 1.0;
				PRODUCT_BUNDLE_IDENTIFIER = "com.jikkim22.Login-Combine";
				PRODUCT_NAME = "$(TARGET_NAME)";
				SWIFT_EMIT_LOC_STRINGS = YES;
				SWIFT_VERSION = 5.0;
				TARGETED_DEVICE_FAMILY = "1,2";
			};
			name = Debug;
		};
		AEDFD2D628EB2C26002AA940 /* Release */ = {
			isa = XCBuildConfiguration;
			buildSettings = {
				ASSETCATALOG_COMPILER_APPICON_NAME = AppIcon;
				ASSETCATALOG_COMPILER_GLOBAL_ACCENT_COLOR_NAME = AccentColor;
				CODE_SIGN_STYLE = Automatic;
				CURRENT_PROJECT_VERSION = 1;
				DEVELOPMENT_TEAM = T79FMP6Q2L;
				GENERATE_INFOPLIST_FILE = YES;
				INFOPLIST_FILE = "Login+Combine/Info.plist";
				INFOPLIST_KEY_UIApplicationSupportsIndirectInputEvents = YES;
				INFOPLIST_KEY_UILaunchStoryboardName = LaunchScreen;
				INFOPLIST_KEY_UISupportedInterfaceOrientations_iPad = "UIInterfaceOrientationPortrait UIInterfaceOrientationPortraitUpsideDown UIInterfaceOrientationLandscapeLeft UIInterfaceOrientationLandscapeRight";
				INFOPLIST_KEY_UISupportedInterfaceOrientations_iPhone = "UIInterfaceOrientationPortrait UIInterfaceOrientationLandscapeLeft UIInterfaceOrientationLandscapeRight";
				LD_RUNPATH_SEARCH_PATHS = (
					"$(inherited)",
					"@executable_path/Frameworks",
				);
				MARKETING_VERSION = 1.0;
				PRODUCT_BUNDLE_IDENTIFIER = "com.jikkim22.Login-Combine";
				PRODUCT_NAME = "$(TARGET_NAME)";
				SWIFT_EMIT_LOC_STRINGS = YES;
				SWIFT_VERSION = 5.0;
				TARGETED_DEVICE_FAMILY = "1,2";
			};
			name = Release;
		};
/* End XCBuildConfiguration section */

/* Begin XCConfigurationList section */
		AEDFD2BB28EB2C24002AA940 /* Build configuration list for PBXProject "Login+Combine" */ = {
			isa = XCConfigurationList;
			buildConfigurations = (
				AEDFD2D228EB2C26002AA940 /* Debug */,
				AEDFD2D328EB2C26002AA940 /* Release */,
			);
			defaultConfigurationIsVisible = 0;
			defaultConfigurationName = Release;
		};
		AEDFD2D428EB2C26002AA940 /* Build configuration list for PBXNativeTarget "Login+Combine" */ = {
			isa = XCConfigurationList;
			buildConfigurations = (
				AEDFD2D528EB2C26002AA940 /* Debug */,
				AEDFD2D628EB2C26002AA940 /* Release */,
			);
			defaultConfigurationIsVisible = 0;
			defaultConfigurationName = Release;
		};
/* End XCConfigurationList section */
	};
	rootObject = AEDFD2B828EB2C24002AA940 /* Project object */;
}
